PODS:
  - Alamofire (3.1.4)
  - SSCacheControl (0.1.0):
    - Alamofire
    - SwiftyJSON
  - SwiftyJSON (2.3.2)

DEPENDENCIES:
  - SSCacheControl (from `../`)

EXTERNAL SOURCES:
  SSCacheControl:
    :path: ../

SPEC CHECKSUMS:
  Alamofire: fbc829692f351fa1d8a31dd75fd7f7f56fea31fb
  SSCacheControl: 8c0c03f91cd6f4e2dabf568e32758c7c45e3f4a3
  SwiftyJSON: 04ccea08915aa0109039157c7974cf0298da292a

COCOAPODS: 0.39.0
